// !$*UTF8*$!
{
	archiveVersion = 1;
	classes = {
	};
	objectVersion = 56;
	objects = {

/* Begin PBXBuildFile section */
		0E4E32DE2ADF17D2004D6710 /* CoffeeMastersApp.swift in Sources */ = {isa = PBXBuildFile; fileRef = 0E4E32DD2ADF17D2004D6710 /* CoffeeMastersApp.swift */; };
		0E4E32E02ADF17D2004D6710 /* ContentView.swift in Sources */ = {isa = PBXBuildFile; fileRef = 0E4E32DF2ADF17D2004D6710 /* ContentView.swift */; };
		0E4E32E22ADF17D3004D6710 /* Assets.xcassets in Resources */ = {isa = PBXBuildFile; fileRef = 0E4E32E12ADF17D3004D6710 /* Assets.xcassets */; };
		0E4E32E52ADF17D3004D6710 /* Preview Assets.xcassets in Resources */ = {isa = PBXBuildFile; fileRef = 0E4E32E42ADF17D3004D6710 /* Preview Assets.xcassets */; };
		0E4F0F932AE05D0E005AFB41 /* Offer.swift in Sources */ = {isa = PBXBuildFile; fileRef = 0E4F0F922AE05D0E005AFB41 /* Offer.swift */; };
		0E4F0F952AE06D4F005AFB41 /* OffersPage.swift in Sources */ = {isa = PBXBuildFile; fileRef = 0E4F0F942AE06D4F005AFB41 /* OffersPage.swift */; };
		0E4F0F992AE074CD005AFB41 /* MenuPage.swift in Sources */ = {isa = PBXBuildFile; fileRef = 0E4F0F982AE074CD005AFB41 /* MenuPage.swift */; };
		0E4F0F9B2AE074D6005AFB41 /* OrderPage.swift in Sources */ = {isa = PBXBuildFile; fileRef = 0E4F0F9A2AE074D6005AFB41 /* OrderPage.swift */; };
		0E4F0F9D2AE074E0005AFB41 /* InfoPage.swift in Sources */ = {isa = PBXBuildFile; fileRef = 0E4F0F9C2AE074E0005AFB41 /* InfoPage.swift */; };
		0E5B78F32B3A01A300E3722E /* DetailsPage.swift in Sources */ = {isa = PBXBuildFile; fileRef = 0E5B78F22B3A01A300E3722E /* DetailsPage.swift */; };
		0E5B78F52B3A01CF00E3722E /* ProductItem.swift in Sources */ = {isa = PBXBuildFile; fileRef = 0E5B78F42B3A01CF00E3722E /* ProductItem.swift */; };
		0E5B78F82B3A065800E3722E /* Category.swift in Sources */ = {isa = PBXBuildFile; fileRef = 0E5B78F72B3A065800E3722E /* Category.swift */; };
		0E5B78FA2B3A066300E3722E /* Product.swift in Sources */ = {isa = PBXBuildFile; fileRef = 0E5B78F92B3A066300E3722E /* Product.swift */; };
		0E5B78FC2B3A07C800E3722E /* MenuManager.swift in Sources */ = {isa = PBXBuildFile; fileRef = 0E5B78FB2B3A07C800E3722E /* MenuManager.swift */; };
		0E5B78FE2B3A07D300E3722E /* CartManager.swift in Sources */ = {isa = PBXBuildFile; fileRef = 0E5B78FD2B3A07D300E3722E /* CartManager.swift */; };
		0E5B79002B3A120B00E3722E /* OrderItem.swift in Sources */ = {isa = PBXBuildFile; fileRef = 0E5B78FF2B3A120B00E3722E /* OrderItem.swift */; };
		0E5B79032B3A14EB00E3722E /* Alamofire in Frameworks */ = {isa = PBXBuildFile; productRef = 0E5B79022B3A14EB00E3722E /* Alamofire */; };
		0EB7BD5A2B3AFC9600D79A71 /* LikesManager.swift in Sources */ = {isa = PBXBuildFile; fileRef = 0EB7BD592B3AFC9600D79A71 /* LikesManager.swift */; };
		0EB7BD5C2B3AFDE900D79A71 /* LikeButton.swift in Sources */ = {isa = PBXBuildFile; fileRef = 0EB7BD5B2B3AFDE900D79A71 /* LikeButton.swift */; };
/* End PBXBuildFile section */

/* Begin PBXFileReference section */
		0E4E32DA2ADF17D2004D6710 /* CoffeeMasters.app */ = {isa = PBXFileReference; explicitFileType = wrapper.application; includeInIndex = 0; path = CoffeeMasters.app; sourceTree = BUILT_PRODUCTS_DIR; };
		0E4E32DD2ADF17D2004D6710 /* CoffeeMastersApp.swift */ = {isa = PBXFileReference; lastKnownFileType = sourcecode.swift; path = CoffeeMastersApp.swift; sourceTree = "<group>"; };
		0E4E32DF2ADF17D2004D6710 /* ContentView.swift */ = {isa = PBXFileReference; lastKnownFileType = sourcecode.swift; path = ContentView.swift; sourceTree = "<group>"; };
		0E4E32E12ADF17D3004D6710 /* Assets.xcassets */ = {isa = PBXFileReference; lastKnownFileType = folder.assetcatalog; path = Assets.xcassets; sourceTree = "<group>"; };
		0E4E32E42ADF17D3004D6710 /* Preview Assets.xcassets */ = {isa = PBXFileReference; lastKnownFileType = folder.assetcatalog; path = "Preview Assets.xcassets"; sourceTree = "<group>"; };
		0E4F0F922AE05D0E005AFB41 /* Offer.swift */ = {isa = PBXFileReference; lastKnownFileType = sourcecode.swift; path = Offer.swift; sourceTree = "<group>"; };
		0E4F0F942AE06D4F005AFB41 /* OffersPage.swift */ = {isa = PBXFileReference; lastKnownFileType = sourcecode.swift; path = OffersPage.swift; sourceTree = "<group>"; };
		0E4F0F982AE074CD005AFB41 /* MenuPage.swift */ = {isa = PBXFileReference; lastKnownFileType = sourcecode.swift; path = MenuPage.swift; sourceTree = "<group>"; };
		0E4F0F9A2AE074D6005AFB41 /* OrderPage.swift */ = {isa = PBXFileReference; lastKnownFileType = sourcecode.swift; path = OrderPage.swift; sourceTree = "<group>"; };
		0E4F0F9C2AE074E0005AFB41 /* InfoPage.swift */ = {isa = PBXFileReference; lastKnownFileType = sourcecode.swift; path = InfoPage.swift; sourceTree = "<group>"; };
		0E5B78F22B3A01A300E3722E /* DetailsPage.swift */ = {isa = PBXFileReference; lastKnownFileType = sourcecode.swift; path = DetailsPage.swift; sourceTree = "<group>"; };
		0E5B78F42B3A01CF00E3722E /* ProductItem.swift */ = {isa = PBXFileReference; lastKnownFileType = sourcecode.swift; path = ProductItem.swift; sourceTree = "<group>"; };
		0E5B78F72B3A065800E3722E /* Category.swift */ = {isa = PBXFileReference; lastKnownFileType = sourcecode.swift; path = Category.swift; sourceTree = "<group>"; };
		0E5B78F92B3A066300E3722E /* Product.swift */ = {isa = PBXFileReference; lastKnownFileType = sourcecode.swift; path = Product.swift; sourceTree = "<group>"; };
		0E5B78FB2B3A07C800E3722E /* MenuManager.swift */ = {isa = PBXFileReference; lastKnownFileType = sourcecode.swift; path = MenuManager.swift; sourceTree = "<group>"; };
		0E5B78FD2B3A07D300E3722E /* CartManager.swift */ = {isa = PBXFileReference; lastKnownFileType = sourcecode.swift; path = CartManager.swift; sourceTree = "<group>"; };
		0E5B78FF2B3A120B00E3722E /* OrderItem.swift */ = {isa = PBXFileReference; lastKnownFileType = sourcecode.swift; path = OrderItem.swift; sourceTree = "<group>"; };
		0E62ABB42B3B0BD600D4E07A /* Info.plist */ = {isa = PBXFileReference; lastKnownFileType = text.plist; path = Info.plist; sourceTree = "<group>"; };
		0EB7BD592B3AFC9600D79A71 /* LikesManager.swift */ = {isa = PBXFileReference; lastKnownFileType = sourcecode.swift; path = LikesManager.swift; sourceTree = "<group>"; };
		0EB7BD5B2B3AFDE900D79A71 /* LikeButton.swift */ = {isa = PBXFileReference; lastKnownFileType = sourcecode.swift; path = LikeButton.swift; sourceTree = "<group>"; };
/* End PBXFileReference section */

/* Begin PBXFrameworksBuildPhase section */
		0E4E32D72ADF17D2004D6710 /* Frameworks */ = {
			isa = PBXFrameworksBuildPhase;
			buildActionMask = 2147483647;
			files = (
				0E5B79032B3A14EB00E3722E /* Alamofire in Frameworks */,
			);
			runOnlyForDeploymentPostprocessing = 0;
		};
/* End PBXFrameworksBuildPhase section */

/* Begin PBXGroup section */
		0E4E32D12ADF17D2004D6710 = {
			isa = PBXGroup;
			children = (
				0E4E32DC2ADF17D2004D6710 /* CoffeeMasters */,
				0E4E32DB2ADF17D2004D6710 /* Products */,
			);
			sourceTree = "<group>";
		};
		0E4E32DB2ADF17D2004D6710 /* Products */ = {
			isa = PBXGroup;
			children = (
				0E4E32DA2ADF17D2004D6710 /* CoffeeMasters.app */,
			);
			name = Products;
			sourceTree = "<group>";
		};
		0E4E32DC2ADF17D2004D6710 /* CoffeeMasters */ = {
			isa = PBXGroup;
			children = (
				0E62ABB42B3B0BD600D4E07A /* Info.plist */,
				0E5B78F62B3A064B00E3722E /* Model */,
				0E4F0F972AE074A6005AFB41 /* Page Views */,
				0E4F0F962AE072D8005AFB41 /* Views */,
				0E4E32DD2ADF17D2004D6710 /* CoffeeMastersApp.swift */,
				0E4E32DF2ADF17D2004D6710 /* ContentView.swift */,
				0E4E32E12ADF17D3004D6710 /* Assets.xcassets */,
				0E4E32E32ADF17D3004D6710 /* Preview Content */,
			);
			path = CoffeeMasters;
			sourceTree = "<group>";
		};
		0E4E32E32ADF17D3004D6710 /* Preview Content */ = {
			isa = PBXGroup;
			children = (
				0E4E32E42ADF17D3004D6710 /* Preview Assets.xcassets */,
			);
			path = "Preview Content";
			sourceTree = "<group>";
		};
		0E4F0F962AE072D8005AFB41 /* Views */ = {
			isa = PBXGroup;
			children = (
				0E4F0F922AE05D0E005AFB41 /* Offer.swift */,
				0E5B78F42B3A01CF00E3722E /* ProductItem.swift */,
				0E5B78FF2B3A120B00E3722E /* OrderItem.swift */,
				0EB7BD5B2B3AFDE900D79A71 /* LikeButton.swift */,
			);
			path = Views;
			sourceTree = "<group>";
		};
		0E4F0F972AE074A6005AFB41 /* Page Views */ = {
			isa = PBXGroup;
			children = (
				0E4F0F942AE06D4F005AFB41 /* OffersPage.swift */,
				0E4F0F982AE074CD005AFB41 /* MenuPage.swift */,
				0E4F0F9A2AE074D6005AFB41 /* OrderPage.swift */,
				0E4F0F9C2AE074E0005AFB41 /* InfoPage.swift */,
				0E5B78F22B3A01A300E3722E /* DetailsPage.swift */,
			);
			path = "Page Views";
			sourceTree = "<group>";
		};
		0E5B78F62B3A064B00E3722E /* Model */ = {
			isa = PBXGroup;
			children = (
				0E5B78F72B3A065800E3722E /* Category.swift */,
				0E5B78F92B3A066300E3722E /* Product.swift */,
				0E5B78FB2B3A07C800E3722E /* MenuManager.swift */,
				0E5B78FD2B3A07D300E3722E /* CartManager.swift */,
				0EB7BD592B3AFC9600D79A71 /* LikesManager.swift */,
			);
			path = Model;
			sourceTree = "<group>";
		};
/* End PBXGroup section */

/* Begin PBXNativeTarget section */
		0E4E32D92ADF17D2004D6710 /* CoffeeMasters */ = {
			isa = PBXNativeTarget;
			buildConfigurationList = 0E4E32E82ADF17D3004D6710 /* Build configuration list for PBXNativeTarget "CoffeeMasters" */;
			buildPhases = (
				0E4E32D62ADF17D2004D6710 /* Sources */,
				0E4E32D72ADF17D2004D6710 /* Frameworks */,
				0E4E32D82ADF17D2004D6710 /* Resources */,
			);
			buildRules = (
			);
			dependencies = (
			);
			name = CoffeeMasters;
			packageProductDependencies = (
				0E5B79022B3A14EB00E3722E /* Alamofire */,
			);
			productName = CoffeeMasters;
			productReference = 0E4E32DA2ADF17D2004D6710 /* CoffeeMasters.app */;
			productType = "com.apple.product-type.application";
		};
/* End PBXNativeTarget section */

/* Begin PBXProject section */
		0E4E32D22ADF17D2004D6710 /* Project object */ = {
			isa = PBXProject;
			attributes = {
				BuildIndependentTargetsInParallel = 1;
				LastSwiftUpdateCheck = 1500;
				LastUpgradeCheck = 1500;
				TargetAttributes = {
					0E4E32D92ADF17D2004D6710 = {
						CreatedOnToolsVersion = 15.0;
					};
				};
			};
			buildConfigurationList = 0E4E32D52ADF17D2004D6710 /* Build configuration list for PBXProject "CoffeeMasters" */;
			compatibilityVersion = "Xcode 14.0";
			developmentRegion = en;
			hasScannedForEncodings = 0;
			knownRegions = (
				en,
				Base,
			);
			mainGroup = 0E4E32D12ADF17D2004D6710;
			packageReferences = (
				0E5B79012B3A14EB00E3722E /* XCRemoteSwiftPackageReference "Alamofire" */,
			);
			productRefGroup = 0E4E32DB2ADF17D2004D6710 /* Products */;
			projectDirPath = "";
			projectRoot = "";
			targets = (
				0E4E32D92ADF17D2004D6710 /* CoffeeMasters */,
			);
		};
/* End PBXProject section */

/* Begin PBXResourcesBuildPhase section */
		0E4E32D82ADF17D2004D6710 /* Resources */ = {
			isa = PBXResourcesBuildPhase;
			buildActionMask = 2147483647;
			files = (
				0E4E32E52ADF17D3004D6710 /* Preview Assets.xcassets in Resources */,
				0E4E32E22ADF17D3004D6710 /* Assets.xcassets in Resources */,
			);
			runOnlyForDeploymentPostprocessing = 0;
		};
/* End PBXResourcesBuildPhase section */

/* Begin PBXSourcesBuildPhase section */
		0E4E32D62ADF17D2004D6710 /* Sources */ = {
			isa = PBXSourcesBuildPhase;
			buildActionMask = 2147483647;
			files = (
				0E5B78FC2B3A07C800E3722E /* MenuManager.swift in Sources */,
				0E5B78FE2B3A07D300E3722E /* CartManager.swift in Sources */,
				0E4F0F932AE05D0E005AFB41 /* Offer.swift in Sources */,
				0E5B78F82B3A065800E3722E /* Category.swift in Sources */,
				0E4F0F952AE06D4F005AFB41 /* OffersPage.swift in Sources */,
				0E4F0F992AE074CD005AFB41 /* MenuPage.swift in Sources */,
				0E5B78F52B3A01CF00E3722E /* ProductItem.swift in Sources */,
				0E5B78FA2B3A066300E3722E /* Product.swift in Sources */,
				0E4F0F9D2AE074E0005AFB41 /* InfoPage.swift in Sources */,
				0E5B79002B3A120B00E3722E /* OrderItem.swift in Sources */,
				0E4E32E02ADF17D2004D6710 /* ContentView.swift in Sources */,
				0E4F0F9B2AE074D6005AFB41 /* OrderPage.swift in Sources */,
				0EB7BD5C2B3AFDE900D79A71 /* LikeButton.swift in Sources */,
				0E4E32DE2ADF17D2004D6710 /* CoffeeMastersApp.swift in Sources */,
				0EB7BD5A2B3AFC9600D79A71 /* LikesManager.swift in Sources */,
				0E5B78F32B3A01A300E3722E /* DetailsPage.swift in Sources */,
			);
			runOnlyForDeploymentPostprocessing = 0;
		};
/* End PBXSourcesBuildPhase section */

/* Begin XCBuildConfiguration section */
		0E4E32E62ADF17D3004D6710 /* Debug */ = {
			isa = XCBuildConfiguration;
			buildSettings = {
				ALWAYS_SEARCH_USER_PATHS = NO;
				ASSETCATALOG_COMPILER_GENERATE_SWIFT_ASSET_SYMBOL_EXTENSIONS = YES;
				CLANG_ANALYZER_NONNULL = YES;
				CLANG_ANALYZER_NUMBER_OBJECT_CONVERSION = YES_AGGRESSIVE;
				CLANG_CXX_LANGUAGE_STANDARD = "gnu++20";
				CLANG_ENABLE_MODULES = YES;
				CLANG_ENABLE_OBJC_ARC = YES;
				CLANG_ENABLE_OBJC_WEAK = YES;
				CLANG_WARN_BLOCK_CAPTURE_AUTORELEASING = YES;
				CLANG_WARN_BOOL_CONVERSION = YES;
				CLANG_WARN_COMMA = YES;
				CLANG_WARN_CONSTANT_CONVERSION = YES;
				CLANG_WARN_DEPRECATED_OBJC_IMPLEMENTATIONS = YES;
				CLANG_WARN_DIRECT_OBJC_ISA_USAGE = YES_ERROR;
				CLANG_WARN_DOCUMENTATION_COMMENTS = YES;
				CLANG_WARN_EMPTY_BODY = YES;
				CLANG_WARN_ENUM_CONVERSION = YES;
				CLANG_WARN_INFINITE_RECURSION = YES;
				CLANG_WARN_INT_CONVERSION = YES;
				CLANG_WARN_NON_LITERAL_NULL_CONVERSION = YES;
				CLANG_WARN_OBJC_IMPLICIT_RETAIN_SELF = YES;
				CLANG_WARN_OBJC_LITERAL_CONVERSION = YES;
				CLANG_WARN_OBJC_ROOT_CLASS = YES_ERROR;
				CLANG_WARN_QUOTED_INCLUDE_IN_FRAMEWORK_HEADER = YES;
				CLANG_WARN_RANGE_LOOP_ANALYSIS = YES;
				CLANG_WARN_STRICT_PROTOTYPES = YES;
				CLANG_WARN_SUSPICIOUS_MOVE = YES;
				CLANG_WARN_UNGUARDED_AVAILABILITY = YES_AGGRESSIVE;
				CLANG_WARN_UNREACHABLE_CODE = YES;
				CLANG_WARN__DUPLICATE_METHOD_MATCH = YES;
				COPY_PHASE_STRIP = NO;
				DEBUG_INFORMATION_FORMAT = dwarf;
				ENABLE_STRICT_OBJC_MSGSEND = YES;
				ENABLE_TESTABILITY = YES;
				ENABLE_USER_SCRIPT_SANDBOXING = YES;
				GCC_C_LANGUAGE_STANDARD = gnu17;
				GCC_DYNAMIC_NO_PIC = NO;
				GCC_NO_COMMON_BLOCKS = YES;
				GCC_OPTIMIZATION_LEVEL = 0;
				GCC_PREPROCESSOR_DEFINITIONS = (
					"DEBUG=1",
					"$(inherited)",
				);
				GCC_WARN_64_TO_32_BIT_CONVERSION = YES;
				GCC_WARN_ABOUT_RETURN_TYPE = YES_ERROR;
				GCC_WARN_UNDECLARED_SELECTOR = YES;
				GCC_WARN_UNINITIALIZED_AUTOS = YES_AGGRESSIVE;
				GCC_WARN_UNUSED_FUNCTION = YES;
				GCC_WARN_UNUSED_VARIABLE = YES;
				IPHONEOS_DEPLOYMENT_TARGET = 17.0;
				LOCALIZATION_PREFERS_STRING_CATALOGS = YES;
				MTL_ENABLE_DEBUG_INFO = INCLUDE_SOURCE;
				MTL_FAST_MATH = YES;
				ONLY_ACTIVE_ARCH = YES;
				SDKROOT = iphoneos;
				SWIFT_ACTIVE_COMPILATION_CONDITIONS = "DEBUG $(inherited)";
				SWIFT_OPTIMIZATION_LEVEL = "-Onone";
			};
			name = Debug;
		};
		0E4E32E72ADF17D3004D6710 /* Release */ = {
			isa = XCBuildConfiguration;
			buildSettings = {
				ALWAYS_SEARCH_USER_PATHS = NO;
				ASSETCATALOG_COMPILER_GENERATE_SWIFT_ASSET_SYMBOL_EXTENSIONS = YES;
				CLANG_ANALYZER_NONNULL = YES;
				CLANG_ANALYZER_NUMBER_OBJECT_CONVERSION = YES_AGGRESSIVE;
				CLANG_CXX_LANGUAGE_STANDARD = "gnu++20";
				CLANG_ENABLE_MODULES = YES;
				CLANG_ENABLE_OBJC_ARC = YES;
				CLANG_ENABLE_OBJC_WEAK = YES;
				CLANG_WARN_BLOCK_CAPTURE_AUTORELEASING = YES;
				CLANG_WARN_BOOL_CONVERSION = YES;
				CLANG_WARN_COMMA = YES;
				CLANG_WARN_CONSTANT_CONVERSION = YES;
				CLANG_WARN_DEPRECATED_OBJC_IMPLEMENTATIONS = YES;
				CLANG_WARN_DIRECT_OBJC_ISA_USAGE = YES_ERROR;
				CLANG_WARN_DOCUMENTATION_COMMENTS = YES;
				CLANG_WARN_EMPTY_BODY = YES;
				CLANG_WARN_ENUM_CONVERSION = YES;
				CLANG_WARN_INFINITE_RECURSION = YES;
				CLANG_WARN_INT_CONVERSION = YES;
				CLANG_WARN_NON_LITERAL_NULL_CONVERSION = YES;
				CLANG_WARN_OBJC_IMPLICIT_RETAIN_SELF = YES;
				CLANG_WARN_OBJC_LITERAL_CONVERSION = YES;
				CLANG_WARN_OBJC_ROOT_CLASS = YES_ERROR;
				CLANG_WARN_QUOTED_INCLUDE_IN_FRAMEWORK_HEADER = YES;
				CLANG_WARN_RANGE_LOOP_ANALYSIS = YES;
				CLANG_WARN_STRICT_PROTOTYPES = YES;
				CLANG_WARN_SUSPICIOUS_MOVE = YES;
				CLANG_WARN_UNGUARDED_AVAILABILITY = YES_AGGRESSIVE;
				CLANG_WARN_UNREACHABLE_CODE = YES;
				CLANG_WARN__DUPLICATE_METHOD_MATCH = YES;
				COPY_PHASE_STRIP = NO;
				DEBUG_INFORMATION_FORMAT = "dwarf-with-dsym";
				ENABLE_NS_ASSERTIONS = NO;
				ENABLE_STRICT_OBJC_MSGSEND = YES;
				ENABLE_USER_SCRIPT_SANDBOXING = YES;
				GCC_C_LANGUAGE_STANDARD = gnu17;
				GCC_NO_COMMON_BLOCKS = YES;
				GCC_WARN_64_TO_32_BIT_CONVERSION = YES;
				GCC_WARN_ABOUT_RETURN_TYPE = YES_ERROR;
				GCC_WARN_UNDECLARED_SELECTOR = YES;
				GCC_WARN_UNINITIALIZED_AUTOS = YES_AGGRESSIVE;
				GCC_WARN_UNUSED_FUNCTION = YES;
				GCC_WARN_UNUSED_VARIABLE = YES;
				IPHONEOS_DEPLOYMENT_TARGET = 17.0;
				LOCALIZATION_PREFERS_STRING_CATALOGS = YES;
				MTL_ENABLE_DEBUG_INFO = NO;
				MTL_FAST_MATH = YES;
				SDKROOT = iphoneos;
				SWIFT_COMPILATION_MODE = wholemodule;
				VALIDATE_PRODUCT = YES;
			};
			name = Release;
		};
		0E4E32E92ADF17D3004D6710 /* Debug */ = {
			isa = XCBuildConfiguration;
			buildSettings = {
				ASSETCATALOG_COMPILER_APPICON_NAME = AppIcon;
				ASSETCATALOG_COMPILER_GLOBAL_ACCENT_COLOR_NAME = AccentColor;
				CODE_SIGN_STYLE = Automatic;
				CURRENT_PROJECT_VERSION = 1;
				DEVELOPMENT_ASSET_PATHS = "\"CoffeeMasters/Preview Content\"";
				ENABLE_PREVIEWS = YES;
				GENERATE_INFOPLIST_FILE = YES;
				INFOPLIST_FILE = CoffeeMasters/Info.plist;
				INFOPLIST_KEY_UIApplicationSceneManifest_Generation = YES;
				INFOPLIST_KEY_UIApplicationSupportsIndirectInputEvents = YES;
				INFOPLIST_KEY_UISupportedInterfaceOrientations_iPad = "UIInterfaceOrientationPortrait UIInterfaceOrientationPortraitUpsideDown UIInterfaceOrientationLandscapeLeft UIInterfaceOrientationLandscapeRight";
				INFOPLIST_KEY_UISupportedInterfaceOrientations_iPhone = "UIInterfaceOrientationPortrait UIInterfaceOrientationLandscapeLeft UIInterfaceOrientationLandscapeRight";
				LD_RUNPATH_SEARCH_PATHS = (
					"$(inherited)",
					"@executable_path/Frameworks",
				);
				MARKETING_VERSION = 1.0;
				PRODUCT_BUNDLE_IDENTIFIER = com.sebastijanzindl.CoffeeMasters;
				PRODUCT_NAME = "$(TARGET_NAME)";
				SWIFT_EMIT_LOC_STRINGS = YES;
				SWIFT_VERSION = 5.0;
				TARGETED_DEVICE_FAMILY = "1,2";
			};
			name = Debug;
		};
		0E4E32EA2ADF17D3004D6710 /* Release */ = {
			isa = XCBuildConfiguration;
			buildSettings = {
				ASSETCATALOG_COMPILER_APPICON_NAME = AppIcon;
				ASSETCATALOG_COMPILER_GLOBAL_ACCENT_COLOR_NAME = AccentColor;
				CODE_SIGN_STYLE = Automatic;
				CURRENT_PROJECT_VERSION = 1;
				DEVELOPMENT_ASSET_PATHS = "\"CoffeeMasters/Preview Content\"";
				ENABLE_PREVIEWS = YES;
				GENERATE_INFOPLIST_FILE = YES;
				INFOPLIST_FILE = CoffeeMasters/Info.plist;
				INFOPLIST_KEY_UIApplicationSceneManifest_Generation = YES;
				INFOPLIST_KEY_UIApplicationSupportsIndirectInputEvents = YES;
				INFOPLIST_KEY_UISupportedInterfaceOrientations_iPad = "UIInterfaceOrientationPortrait UIInterfaceOrientationPortraitUpsideDown UIInterfaceOrientationLandscapeLeft UIInterfaceOrientationLandscapeRight";
				INFOPLIST_KEY_UISupportedInterfaceOrientations_iPhone = "UIInterfaceOrientationPortrait UIInterfaceOrientationLandscapeLeft UIInterfaceOrientationLandscapeRight";
				LD_RUNPATH_SEARCH_PATHS = (
					"$(inherited)",
					"@executable_path/Frameworks",
				);
				MARKETING_VERSION = 1.0;
				PRODUCT_BUNDLE_IDENTIFIER = com.sebastijanzindl.CoffeeMasters;
				PRODUCT_NAME = "$(TARGET_NAME)";
				SWIFT_EMIT_LOC_STRINGS = YES;
				SWIFT_VERSION = 5.0;
				TARGETED_DEVICE_FAMILY = "1,2";
			};
			name = Release;
		};
/* End XCBuildConfiguration section */

/* Begin XCConfigurationList section */
		0E4E32D52ADF17D2004D6710 /* Build configuration list for PBXProject "CoffeeMasters" */ = {
			isa = XCConfigurationList;
			buildConfigurations = (
				0E4E32E62ADF17D3004D6710 /* Debug */,
				0E4E32E72ADF17D3004D6710 /* Release */,
			);
			defaultConfigurationIsVisible = 0;
			defaultConfigurationName = Release;
		};
		0E4E32E82ADF17D3004D6710 /* Build configuration list for PBXNativeTarget "CoffeeMasters" */ = {
			isa = XCConfigurationList;
			buildConfigurations = (
				0E4E32E92ADF17D3004D6710 /* Debug */,
				0E4E32EA2ADF17D3004D6710 /* Release */,
			);
			defaultConfigurationIsVisible = 0;
			defaultConfigurationName = Release;
		};
/* End XCConfigurationList section */

/* Begin XCRemoteSwiftPackageReference section */
		0E5B79012B3A14EB00E3722E /* XCRemoteSwiftPackageReference "Alamofire" */ = {
			isa = XCRemoteSwiftPackageReference;
			repositoryURL = "https://github.com/Alamofire/Alamofire.git";
			requirement = {
				kind = upToNextMajorVersion;
				minimumVersion = 5.8.1;
			};
		};
/* End XCRemoteSwiftPackageReference section */

/* Begin XCSwiftPackageProductDependency section */
		0E5B79022B3A14EB00E3722E /* Alamofire */ = {
			isa = XCSwiftPackageProductDependency;
			package = 0E5B79012B3A14EB00E3722E /* XCRemoteSwiftPackageReference "Alamofire" */;
			productName = Alamofire;
		};
/* End XCSwiftPackageProductDependency section */
	};
	rootObject = 0E4E32D22ADF17D2004D6710 /* Project object */;
}
